
Microsoft Visual Studio Solution File, Format Version 12.00
# Visual Studio Version 16
VisualStudioVersion = 16.0.30907.101
MinimumVisualStudioVersion = 10.0.40219.1
Project("{FAE04EC0-301F-11D3-BF4B-00C04F79EFBC}") = "ClassMetotDemo", "ClassMetotDemo\ClassMetotDemo.csproj", "{13018CAA-22A5-4BAB-9A6B-F30C218B7BEF}"
EndProject
Global
	GlobalSection(SolutionConfigurationPlatforms) = preSolution
		Debug|Any CPU = Debug|Any CPU
		Release|Any CPU = Release|Any CPU
	EndGlobalSection
	GlobalSection(ProjectConfigurationPlatforms) = postSolution
		{13018CAA-22A5-4BAB-9A6B-F30C218B7BEF}.Debug|Any CPU.ActiveCfg = Debug|Any CPU
		{13018CAA-22A5-4BAB-9A6B-F30C218B7BEF}.Debug|Any CPU.Build.0 = Debug|Any CPU
		{13018CAA-22A5-4BAB-9A6B-F30C218B7BEF}.Release|Any CPU.ActiveCfg = Release|Any CPU
		{13018CAA-22A5-4BAB-9A6B-F30C218B7BEF}.Release|Any CPU.Build.0 = Release|Any CPU
	EndGlobalSection
	GlobalSection(SolutionProperties) = preSolution
		HideSolutionNode = FALSE
	EndGlobalSection
	GlobalSection(ExtensibilityGlobals) = postSolution
		SolutionGuid = {593AFA7A-756B-4F10-B9B9-72B5FD771C5E}
	EndGlobalSection
EndGlobal
